
Microsoft Visual Studio Solution File, Format Version 12.00
# Visual Studio 15
VisualStudioVersion = 15.0.26730.16
MinimumVisualStudioVersion = 10.0.40219.1
Project("{FAE04EC0-301F-11D3-BF4B-00C04F79EFBC}") = "EuphoricDeity", "EuphoricDeity\EuphoricDeity.csproj", "{B5A86298-3698-45FE-A8E9-5C165F37D293}"
EndProject
Global
	GlobalSection(SolutionConfigurationPlatforms) = preSolution
		Debug|Any CPU = Debug|Any CPU
		Release|Any CPU = Release|Any CPU
	EndGlobalSection
	GlobalSection(ProjectConfigurationPlatforms) = postSolution
		{B5A86298-3698-45FE-A8E9-5C165F37D293}.Debug|Any CPU.ActiveCfg = Debug|Any CPU
		{B5A86298-3698-45FE-A8E9-5C165F37D293}.Debug|Any CPU.Build.0 = Debug|Any CPU
		{B5A86298-3698-45FE-A8E9-5C165F37D293}.Release|Any CPU.ActiveCfg = Release|Any CPU
		{B5A86298-3698-45FE-A8E9-5C165F37D293}.Release|Any CPU.Build.0 = Release|Any CPU
	EndGlobalSection
	GlobalSection(SolutionProperties) = preSolution
		HideSolutionNode = FALSE
	EndGlobalSection
	GlobalSection(ExtensibilityGlobals) = postSolution
		SolutionGuid = {7D9612C3-B420-494E-8D44-A98B9D7E8D41}
	EndGlobalSection
EndGlobal
